{
  "pins" : [
    {
      "identity" : "swifty-creatives",
      "kind" : "remoteSourceControl",
      "location" : "https://github.com/yukiny0811/swifty-creatives",
      "state" : {
        "revision" : "dcf032ecd9f17a6a2c2e8cc1ad56313295724bd8",
        "version" : "1.9.0"
      }
    }
  ],
  "version" : 2
}
