{
  "pins" : [
    {
      "identity" : "swifty-creatives",
      "kind" : "remoteSourceControl",
      "location" : "https://github.com/yukiny0811/swifty-creatives",
      "state" : {
        "revision" : "18f5c7a83a7c0b2a34a34f3e01ca24cc4aaca330",
        "version" : "1.11.2"
      }
    }
  ],
  "version" : 2
}
